// !$*UTF8*$!
{
	archiveVersion = 1;
	classes = {
	};
	objectVersion = 46;
	objects = {

/* Begin PBXBuildFile section */
		711647FF1D6B108C00FDB5DA /* AppDelegate.swift in Sources */ = {isa = PBXBuildFile; fileRef = 711647FE1D6B108C00FDB5DA /* AppDelegate.swift */; };
		711648041D6B108C00FDB5DA /* Main.storyboard in Resources */ = {isa = PBXBuildFile; fileRef = 711648021D6B108C00FDB5DA /* Main.storyboard */; };
		711648061D6B108C00FDB5DA /* Assets.xcassets in Resources */ = {isa = PBXBuildFile; fileRef = 711648051D6B108C00FDB5DA /* Assets.xcassets */; };
		711648091D6B108C00FDB5DA /* LaunchScreen.storyboard in Resources */ = {isa = PBXBuildFile; fileRef = 711648071D6B108C00FDB5DA /* LaunchScreen.storyboard */; };
		711648121D6B18C200FDB5DA /* TweetTableViewController.swift in Sources */ = {isa = PBXBuildFile; fileRef = 711648111D6B18C200FDB5DA /* TweetTableViewController.swift */; };
		711648141D6B190000FDB5DA /* TweetTableViewCell.swift in Sources */ = {isa = PBXBuildFile; fileRef = 711648131D6B190000FDB5DA /* TweetTableViewCell.swift */; };
		71A90C751D6B524F00EA3237 /* Twitter.framework in Frameworks */ = {isa = PBXBuildFile; fileRef = 71A90C741D6B524F00EA3237 /* Twitter.framework */; };
		71A90C761D6B524F00EA3237 /* Twitter.framework in Embed Frameworks */ = {isa = PBXBuildFile; fileRef = 71A90C741D6B524F00EA3237 /* Twitter.framework */; settings = {ATTRIBUTES = (CodeSignOnCopy, RemoveHeadersOnCopy, ); }; };
		71A90C791D6B72D700EA3237 /* TweetDetailViewController.swift in Sources */ = {isa = PBXBuildFile; fileRef = 71A90C781D6B72D700EA3237 /* TweetDetailViewController.swift */; };
		71A90C811D6C44DD00EA3237 /* TweetImageTableViewCell.swift in Sources */ = {isa = PBXBuildFile; fileRef = 71A90C801D6C44DD00EA3237 /* TweetImageTableViewCell.swift */; };
		71A90C871D6C882800EA3237 /* ImageViewController.swift in Sources */ = {isa = PBXBuildFile; fileRef = 71A90C861D6C882800EA3237 /* ImageViewController.swift */; };
		71D1E1261D6FB23200213782 /* SmashtagConstants.swift in Sources */ = {isa = PBXBuildFile; fileRef = 71D1E1251D6FB23200213782 /* SmashtagConstants.swift */; };
		71D1E12A1D6FBA1300213782 /* RecentSearchTableViewController.swift in Sources */ = {isa = PBXBuildFile; fileRef = 71D1E1291D6FBA1200213782 /* RecentSearchTableViewController.swift */; };
/* End PBXBuildFile section */

/* Begin PBXCopyFilesBuildPhase section */
		71A90C771D6B524F00EA3237 /* Embed Frameworks */ = {
			isa = PBXCopyFilesBuildPhase;
			buildActionMask = 2147483647;
			dstPath = "";
			dstSubfolderSpec = 10;
			files = (
				71A90C761D6B524F00EA3237 /* Twitter.framework in Embed Frameworks */,
			);
			name = "Embed Frameworks";
			runOnlyForDeploymentPostprocessing = 0;
		};
/* End PBXCopyFilesBuildPhase section */

/* Begin PBXFileReference section */
		711647FB1D6B108C00FDB5DA /* Smashtag.app */ = {isa = PBXFileReference; explicitFileType = wrapper.application; includeInIndex = 0; path = Smashtag.app; sourceTree = BUILT_PRODUCTS_DIR; };
		711647FE1D6B108C00FDB5DA /* AppDelegate.swift */ = {isa = PBXFileReference; lastKnownFileType = sourcecode.swift; path = AppDelegate.swift; sourceTree = "<group>"; };
		711648031D6B108C00FDB5DA /* Base */ = {isa = PBXFileReference; lastKnownFileType = file.storyboard; name = Base; path = Base.lproj/Main.storyboard; sourceTree = "<group>"; };
		711648051D6B108C00FDB5DA /* Assets.xcassets */ = {isa = PBXFileReference; lastKnownFileType = folder.assetcatalog; path = Assets.xcassets; sourceTree = "<group>"; };
		711648081D6B108C00FDB5DA /* Base */ = {isa = PBXFileReference; lastKnownFileType = file.storyboard; name = Base; path = Base.lproj/LaunchScreen.storyboard; sourceTree = "<group>"; };
		7116480A1D6B108C00FDB5DA /* Info.plist */ = {isa = PBXFileReference; lastKnownFileType = text.plist.xml; path = Info.plist; sourceTree = "<group>"; };
		711648111D6B18C200FDB5DA /* TweetTableViewController.swift */ = {isa = PBXFileReference; fileEncoding = 4; lastKnownFileType = sourcecode.swift; path = TweetTableViewController.swift; sourceTree = "<group>"; };
		711648131D6B190000FDB5DA /* TweetTableViewCell.swift */ = {isa = PBXFileReference; fileEncoding = 4; lastKnownFileType = sourcecode.swift; path = TweetTableViewCell.swift; sourceTree = "<group>"; };
		71A90C741D6B524F00EA3237 /* Twitter.framework */ = {isa = PBXFileReference; explicitFileType = wrapper.framework; name = Twitter.framework; path = "/Users/mohak/Library/Developer/Xcode/DerivedData/Smastag-elpocpabpuuvtsguzjftuqmjkzrf/Build/Products/Debug-iphoneos/Twitter.framework"; sourceTree = "<absolute>"; };
		71A90C781D6B72D700EA3237 /* TweetDetailViewController.swift */ = {isa = PBXFileReference; fileEncoding = 4; lastKnownFileType = sourcecode.swift; path = TweetDetailViewController.swift; sourceTree = "<group>"; };
		71A90C801D6C44DD00EA3237 /* TweetImageTableViewCell.swift */ = {isa = PBXFileReference; fileEncoding = 4; lastKnownFileType = sourcecode.swift; path = TweetImageTableViewCell.swift; sourceTree = "<group>"; };
		71A90C861D6C882800EA3237 /* ImageViewController.swift */ = {isa = PBXFileReference; fileEncoding = 4; lastKnownFileType = sourcecode.swift; path = ImageViewController.swift; sourceTree = "<group>"; };
		71D1E1251D6FB23200213782 /* SmashtagConstants.swift */ = {isa = PBXFileReference; fileEncoding = 4; lastKnownFileType = sourcecode.swift; path = SmashtagConstants.swift; sourceTree = "<group>"; };
		71D1E1291D6FBA1200213782 /* RecentSearchTableViewController.swift */ = {isa = PBXFileReference; fileEncoding = 4; lastKnownFileType = sourcecode.swift; path = RecentSearchTableViewController.swift; sourceTree = "<group>"; };
/* End PBXFileReference section */

/* Begin PBXFrameworksBuildPhase section */
		711647F81D6B108C00FDB5DA /* Frameworks */ = {
			isa = PBXFrameworksBuildPhase;
			buildActionMask = 2147483647;
			files = (
				71A90C751D6B524F00EA3237 /* Twitter.framework in Frameworks */,
			);
			runOnlyForDeploymentPostprocessing = 0;
		};
/* End PBXFrameworksBuildPhase section */

/* Begin PBXGroup section */
		711647F21D6B108C00FDB5DA = {
			isa = PBXGroup;
			children = (
				71A90C741D6B524F00EA3237 /* Twitter.framework */,
				711647FD1D6B108C00FDB5DA /* Smashtag */,
				711647FC1D6B108C00FDB5DA /* Products */,
			);
			sourceTree = "<group>";
		};
		711647FC1D6B108C00FDB5DA /* Products */ = {
			isa = PBXGroup;
			children = (
				711647FB1D6B108C00FDB5DA /* Smashtag.app */,
			);
			name = Products;
			sourceTree = "<group>";
		};
		711647FD1D6B108C00FDB5DA /* Smashtag */ = {
			isa = PBXGroup;
			children = (
				711648101D6B10BB00FDB5DA /* Supporting Files */,
				711648021D6B108C00FDB5DA /* Main.storyboard */,
				71D1E1251D6FB23200213782 /* SmashtagConstants.swift */,
				711648111D6B18C200FDB5DA /* TweetTableViewController.swift */,
				711648131D6B190000FDB5DA /* TweetTableViewCell.swift */,
				71A90C781D6B72D700EA3237 /* TweetDetailViewController.swift */,
				71A90C801D6C44DD00EA3237 /* TweetImageTableViewCell.swift */,
				71A90C861D6C882800EA3237 /* ImageViewController.swift */,
				7116480A1D6B108C00FDB5DA /* Info.plist */,
				71D1E1291D6FBA1200213782 /* RecentSearchTableViewController.swift */,
			);
			path = Smashtag;
			sourceTree = "<group>";
		};
		711648101D6B10BB00FDB5DA /* Supporting Files */ = {
			isa = PBXGroup;
			children = (
				711647FE1D6B108C00FDB5DA /* AppDelegate.swift */,
				711648051D6B108C00FDB5DA /* Assets.xcassets */,
				711648071D6B108C00FDB5DA /* LaunchScreen.storyboard */,
			);
			name = "Supporting Files";
			sourceTree = "<group>";
		};
/* End PBXGroup section */

/* Begin PBXNativeTarget section */
		711647FA1D6B108C00FDB5DA /* Smashtag */ = {
			isa = PBXNativeTarget;
			buildConfigurationList = 7116480D1D6B108C00FDB5DA /* Build configuration list for PBXNativeTarget "Smashtag" */;
			buildPhases = (
				711647F71D6B108C00FDB5DA /* Sources */,
				711647F81D6B108C00FDB5DA /* Frameworks */,
				711647F91D6B108C00FDB5DA /* Resources */,
				71A90C771D6B524F00EA3237 /* Embed Frameworks */,
			);
			buildRules = (
			);
			dependencies = (
			);
			name = Smashtag;
			productName = Smashtag;
			productReference = 711647FB1D6B108C00FDB5DA /* Smashtag.app */;
			productType = "com.apple.product-type.application";
		};
/* End PBXNativeTarget section */

/* Begin PBXProject section */
		711647F31D6B108C00FDB5DA /* Project object */ = {
			isa = PBXProject;
			attributes = {
				LastSwiftUpdateCheck = 0730;
				LastUpgradeCheck = 0730;
				ORGANIZATIONNAME = "Mohak Shah";
				TargetAttributes = {
					711647FA1D6B108C00FDB5DA = {
						CreatedOnToolsVersion = 7.3.1;
						DevelopmentTeam = 65U66W9RVP;
					};
				};
			};
			buildConfigurationList = 711647F61D6B108C00FDB5DA /* Build configuration list for PBXProject "Smashtag" */;
			compatibilityVersion = "Xcode 3.2";
			developmentRegion = English;
			hasScannedForEncodings = 0;
			knownRegions = (
				en,
				Base,
			);
			mainGroup = 711647F21D6B108C00FDB5DA;
			productRefGroup = 711647FC1D6B108C00FDB5DA /* Products */;
			projectDirPath = "";
			projectRoot = "";
			targets = (
				711647FA1D6B108C00FDB5DA /* Smashtag */,
			);
		};
/* End PBXProject section */

/* Begin PBXResourcesBuildPhase section */
		711647F91D6B108C00FDB5DA /* Resources */ = {
			isa = PBXResourcesBuildPhase;
			buildActionMask = 2147483647;
			files = (
				711648091D6B108C00FDB5DA /* LaunchScreen.storyboard in Resources */,
				711648061D6B108C00FDB5DA /* Assets.xcassets in Resources */,
				711648041D6B108C00FDB5DA /* Main.storyboard in Resources */,
			);
			runOnlyForDeploymentPostprocessing = 0;
		};
/* End PBXResourcesBuildPhase section */

/* Begin PBXSourcesBuildPhase section */
		711647F71D6B108C00FDB5DA /* Sources */ = {
			isa = PBXSourcesBuildPhase;
			buildActionMask = 2147483647;
			files = (
				71A90C811D6C44DD00EA3237 /* TweetImageTableViewCell.swift in Sources */,
				711647FF1D6B108C00FDB5DA /* AppDelegate.swift in Sources */,
				71A90C871D6C882800EA3237 /* ImageViewController.swift in Sources */,
				71D1E12A1D6FBA1300213782 /* RecentSearchTableViewController.swift in Sources */,
				71A90C791D6B72D700EA3237 /* TweetDetailViewController.swift in Sources */,
				711648121D6B18C200FDB5DA /* TweetTableViewController.swift in Sources */,
				711648141D6B190000FDB5DA /* TweetTableViewCell.swift in Sources */,
				71D1E1261D6FB23200213782 /* SmashtagConstants.swift in Sources */,
			);
			runOnlyForDeploymentPostprocessing = 0;
		};
/* End PBXSourcesBuildPhase section */

/* Begin PBXVariantGroup section */
		711648021D6B108C00FDB5DA /* Main.storyboard */ = {
			isa = PBXVariantGroup;
			children = (
				711648031D6B108C00FDB5DA /* Base */,
			);
			name = Main.storyboard;
			sourceTree = "<group>";
		};
		711648071D6B108C00FDB5DA /* LaunchScreen.storyboard */ = {
			isa = PBXVariantGroup;
			children = (
				711648081D6B108C00FDB5DA /* Base */,
			);
			name = LaunchScreen.storyboard;
			sourceTree = "<group>";
		};
/* End PBXVariantGroup section */

/* Begin XCBuildConfiguration section */
		7116480B1D6B108C00FDB5DA /* Debug */ = {
			isa = XCBuildConfiguration;
			buildSettings = {
				ALWAYS_SEARCH_USER_PATHS = NO;
				CLANG_ANALYZER_NONNULL = YES;
				CLANG_CXX_LANGUAGE_STANDARD = "gnu++0x";
				CLANG_CXX_LIBRARY = "libc++";
				CLANG_ENABLE_MODULES = YES;
				CLANG_ENABLE_OBJC_ARC = YES;
				CLANG_WARN_BOOL_CONVERSION = YES;
				CLANG_WARN_CONSTANT_CONVERSION = YES;
				CLANG_WARN_DIRECT_OBJC_ISA_USAGE = YES_ERROR;
				CLANG_WARN_EMPTY_BODY = YES;
				CLANG_WARN_ENUM_CONVERSION = YES;
				CLANG_WARN_INT_CONVERSION = YES;
				CLANG_WARN_OBJC_ROOT_CLASS = YES_ERROR;
				CLANG_WARN_UNREACHABLE_CODE = YES;
				CLANG_WARN__DUPLICATE_METHOD_MATCH = YES;
				"CODE_SIGN_IDENTITY[sdk=iphoneos*]" = "iPhone Developer";
				COPY_PHASE_STRIP = NO;
				DEBUG_INFORMATION_FORMAT = dwarf;
				ENABLE_STRICT_OBJC_MSGSEND = YES;
				ENABLE_TESTABILITY = YES;
				GCC_C_LANGUAGE_STANDARD = gnu99;
				GCC_DYNAMIC_NO_PIC = NO;
				GCC_NO_COMMON_BLOCKS = YES;
				GCC_OPTIMIZATION_LEVEL = 0;
				GCC_PREPROCESSOR_DEFINITIONS = (
					"DEBUG=1",
					"$(inherited)",
				);
				GCC_WARN_64_TO_32_BIT_CONVERSION = YES;
				GCC_WARN_ABOUT_RETURN_TYPE = YES_ERROR;
				GCC_WARN_UNDECLARED_SELECTOR = YES;
				GCC_WARN_UNINITIALIZED_AUTOS = YES_AGGRESSIVE;
				GCC_WARN_UNUSED_FUNCTION = YES;
				GCC_WARN_UNUSED_VARIABLE = YES;
				IPHONEOS_DEPLOYMENT_TARGET = 9.3;
				MTL_ENABLE_DEBUG_INFO = YES;
				ONLY_ACTIVE_ARCH = YES;
				SDKROOT = iphoneos;
				SWIFT_OPTIMIZATION_LEVEL = "-Onone";
			};
			name = Debug;
		};
		7116480C1D6B108C00FDB5DA /* Release */ = {
			isa = XCBuildConfiguration;
			buildSettings = {
				ALWAYS_SEARCH_USER_PATHS = NO;
				CLANG_ANALYZER_NONNULL = YES;
				CLANG_CXX_LANGUAGE_STANDARD = "gnu++0x";
				CLANG_CXX_LIBRARY = "libc++";
				CLANG_ENABLE_MODULES = YES;
				CLANG_ENABLE_OBJC_ARC = YES;
				CLANG_WARN_BOOL_CONVERSION = YES;
				CLANG_WARN_CONSTANT_CONVERSION = YES;
				CLANG_WARN_DIRECT_OBJC_ISA_USAGE = YES_ERROR;
				CLANG_WARN_EMPTY_BODY = YES;
				CLANG_WARN_ENUM_CONVERSION = YES;
				CLANG_WARN_INT_CONVERSION = YES;
				CLANG_WARN_OBJC_ROOT_CLASS = YES_ERROR;
				CLANG_WARN_UNREACHABLE_CODE = YES;
				CLANG_WARN__DUPLICATE_METHOD_MATCH = YES;
				"CODE_SIGN_IDENTITY[sdk=iphoneos*]" = "iPhone Developer";
				COPY_PHASE_STRIP = NO;
				DEBUG_INFORMATION_FORMAT = "dwarf-with-dsym";
				ENABLE_NS_ASSERTIONS = NO;
				ENABLE_STRICT_OBJC_MSGSEND = YES;
				GCC_C_LANGUAGE_STANDARD = gnu99;
				GCC_NO_COMMON_BLOCKS = YES;
				GCC_WARN_64_TO_32_BIT_CONVERSION = YES;
				GCC_WARN_ABOUT_RETURN_TYPE = YES_ERROR;
				GCC_WARN_UNDECLARED_SELECTOR = YES;
				GCC_WARN_UNINITIALIZED_AUTOS = YES_AGGRESSIVE;
				GCC_WARN_UNUSED_FUNCTION = YES;
				GCC_WARN_UNUSED_VARIABLE = YES;
				IPHONEOS_DEPLOYMENT_TARGET = 9.3;
				MTL_ENABLE_DEBUG_INFO = NO;
				SDKROOT = iphoneos;
				VALIDATE_PRODUCT = YES;
			};
			name = Release;
		};
		7116480E1D6B108C00FDB5DA /* Debug */ = {
			isa = XCBuildConfiguration;
			buildSettings = {
				ASSETCATALOG_COMPILER_APPICON_NAME = AppIcon;
				CODE_SIGN_IDENTITY = "iPhone Developer";
				INFOPLIST_FILE = Smashtag/Info.plist;
				LD_RUNPATH_SEARCH_PATHS = "$(inherited) @executable_path/Frameworks";
				PRODUCT_BUNDLE_IDENTIFIER = in.mohakshah.Smashtag;
				PRODUCT_NAME = "$(TARGET_NAME)";
				STRIP_INSTALLED_PRODUCT = NO;
			};
			name = Debug;
		};
		7116480F1D6B108C00FDB5DA /* Release */ = {
			isa = XCBuildConfiguration;
			buildSettings = {
				ASSETCATALOG_COMPILER_APPICON_NAME = AppIcon;
				CODE_SIGN_IDENTITY = "iPhone Developer";
				INFOPLIST_FILE = Smashtag/Info.plist;
				LD_RUNPATH_SEARCH_PATHS = "$(inherited) @executable_path/Frameworks";
				PRODUCT_BUNDLE_IDENTIFIER = in.mohakshah.Smashtag;
				PRODUCT_NAME = "$(TARGET_NAME)";
				STRIP_INSTALLED_PRODUCT = NO;
			};
			name = Release;
		};
/* End XCBuildConfiguration section */

/* Begin XCConfigurationList section */
		711647F61D6B108C00FDB5DA /* Build configuration list for PBXProject "Smashtag" */ = {
			isa = XCConfigurationList;
			buildConfigurations = (
				7116480B1D6B108C00FDB5DA /* Debug */,
				7116480C1D6B108C00FDB5DA /* Release */,
			);
			defaultConfigurationIsVisible = 0;
			defaultConfigurationName = Release;
		};
		7116480D1D6B108C00FDB5DA /* Build configuration list for PBXNativeTarget "Smashtag" */ = {
			isa = XCConfigurationList;
			buildConfigurations = (
				7116480E1D6B108C00FDB5DA /* Debug */,
				7116480F1D6B108C00FDB5DA /* Release */,
			);
			defaultConfigurationIsVisible = 0;
			defaultConfigurationName = Release;
		};
/* End XCConfigurationList section */
	};
	rootObject = 711647F31D6B108C00FDB5DA /* Project object */;
}
